// !$*UTF8*$!
{
	archiveVersion = 1;
	classes = {
	};
	objectVersion = 56;
	objects = {

/* Begin PBXBuildFile section */
		74C196F52A7DAC16005C08F3 /* IntroToMobileDevelopmentMetaCertApp.swift in Sources */ = {isa = PBXBuildFile; fileRef = 74C196F42A7DAC16005C08F3 /* IntroToMobileDevelopmentMetaCertApp.swift */; };
		74C196F72A7DAC16005C08F3 /* ContentView.swift in Sources */ = {isa = PBXBuildFile; fileRef = 74C196F62A7DAC16005C08F3 /* ContentView.swift */; };
		74C196F92A7DAC18005C08F3 /* Assets.xcassets in Resources */ = {isa = PBXBuildFile; fileRef = 74C196F82A7DAC18005C08F3 /* Assets.xcassets */; };
		74C196FC2A7DAC18005C08F3 /* Preview Assets.xcassets in Resources */ = {isa = PBXBuildFile; fileRef = 74C196FB2A7DAC18005C08F3 /* Preview Assets.xcassets */; };
		74C197032A7E4226005C08F3 /* HelloWorldIntro.swift in Sources */ = {isa = PBXBuildFile; fileRef = 74C197022A7E4226005C08F3 /* HelloWorldIntro.swift */; };
		74C197052A7F956D005C08F3 /* MetaProjectRequirements.swift in Sources */ = {isa = PBXBuildFile; fileRef = 74C197042A7F956D005C08F3 /* MetaProjectRequirements.swift */; };
		74C197072A82D605005C08F3 /* TestVideo.swift in Sources */ = {isa = PBXBuildFile; fileRef = 74C197062A82D605005C08F3 /* TestVideo.swift */; };
		74C1970B2A830101005C08F3 /* video.mp4 in Resources */ = {isa = PBXBuildFile; fileRef = 74C1970A2A830101005C08F3 /* video.mp4 */; };
/* End PBXBuildFile section */

/* Begin PBXFileReference section */
		74C196F12A7DAC16005C08F3 /* IntroToMobileDevelopmentMetaCert.app */ = {isa = PBXFileReference; explicitFileType = wrapper.application; includeInIndex = 0; path = IntroToMobileDevelopmentMetaCert.app; sourceTree = BUILT_PRODUCTS_DIR; };
		74C196F42A7DAC16005C08F3 /* IntroToMobileDevelopmentMetaCertApp.swift */ = {isa = PBXFileReference; lastKnownFileType = sourcecode.swift; path = IntroToMobileDevelopmentMetaCertApp.swift; sourceTree = "<group>"; };
		74C196F62A7DAC16005C08F3 /* ContentView.swift */ = {isa = PBXFileReference; lastKnownFileType = sourcecode.swift; path = ContentView.swift; sourceTree = "<group>"; };
		74C196F82A7DAC18005C08F3 /* Assets.xcassets */ = {isa = PBXFileReference; lastKnownFileType = folder.assetcatalog; path = Assets.xcassets; sourceTree = "<group>"; };
		74C196FB2A7DAC18005C08F3 /* Preview Assets.xcassets */ = {isa = PBXFileReference; lastKnownFileType = folder.assetcatalog; path = "Preview Assets.xcassets"; sourceTree = "<group>"; };
		74C197022A7E4226005C08F3 /* HelloWorldIntro.swift */ = {isa = PBXFileReference; lastKnownFileType = sourcecode.swift; path = HelloWorldIntro.swift; sourceTree = "<group>"; };
		74C197042A7F956D005C08F3 /* MetaProjectRequirements.swift */ = {isa = PBXFileReference; lastKnownFileType = sourcecode.swift; path = MetaProjectRequirements.swift; sourceTree = "<group>"; };
		74C197062A82D605005C08F3 /* TestVideo.swift */ = {isa = PBXFileReference; lastKnownFileType = sourcecode.swift; path = TestVideo.swift; sourceTree = "<group>"; };
		74C197092A8300C8005C08F3 /* Info.plist */ = {isa = PBXFileReference; lastKnownFileType = text.plist; path = Info.plist; sourceTree = "<group>"; };
		74C1970A2A830101005C08F3 /* video.mp4 */ = {isa = PBXFileReference; lastKnownFileType = file; name = video.mp4; path = ../../../../../Downloads/video.mp4; sourceTree = "<group>"; };
/* End PBXFileReference section */

/* Begin PBXFrameworksBuildPhase section */
		74C196EE2A7DAC16005C08F3 /* Frameworks */ = {
			isa = PBXFrameworksBuildPhase;
			buildActionMask = 2147483647;
			files = (
			);
			runOnlyForDeploymentPostprocessing = 0;
		};
/* End PBXFrameworksBuildPhase section */

/* Begin PBXGroup section */
		74C196E82A7DAC16005C08F3 = {
			isa = PBXGroup;
			children = (
				74C196F32A7DAC16005C08F3 /* IntroToMobileDevelopmentMetaCert */,
				74C196F22A7DAC16005C08F3 /* Products */,
			);
			sourceTree = "<group>";
		};
		74C196F22A7DAC16005C08F3 /* Products */ = {
			isa = PBXGroup;
			children = (
				74C196F12A7DAC16005C08F3 /* IntroToMobileDevelopmentMetaCert.app */,
			);
			name = Products;
			sourceTree = "<group>";
		};
		74C196F32A7DAC16005C08F3 /* IntroToMobileDevelopmentMetaCert */ = {
			isa = PBXGroup;
			children = (
				74C197092A8300C8005C08F3 /* Info.plist */,
				74C196F42A7DAC16005C08F3 /* IntroToMobileDevelopmentMetaCertApp.swift */,
				74C196F62A7DAC16005C08F3 /* ContentView.swift */,
				74C197022A7E4226005C08F3 /* HelloWorldIntro.swift */,
				74C197042A7F956D005C08F3 /* MetaProjectRequirements.swift */,
				74C197062A82D605005C08F3 /* TestVideo.swift */,
				74C1970A2A830101005C08F3 /* video.mp4 */,
				74C196F82A7DAC18005C08F3 /* Assets.xcassets */,
				74C196FA2A7DAC18005C08F3 /* Preview Content */,
			);
			path = IntroToMobileDevelopmentMetaCert;
			sourceTree = "<group>";
		};
		74C196FA2A7DAC18005C08F3 /* Preview Content */ = {
			isa = PBXGroup;
			children = (
				74C196FB2A7DAC18005C08F3 /* Preview Assets.xcassets */,
			);
			path = "Preview Content";
			sourceTree = "<group>";
		};
/* End PBXGroup section */

/* Begin PBXNativeTarget section */
		74C196F02A7DAC16005C08F3 /* IntroToMobileDevelopmentMetaCert */ = {
			isa = PBXNativeTarget;
			buildConfigurationList = 74C196FF2A7DAC18005C08F3 /* Build configuration list for PBXNativeTarget "IntroToMobileDevelopmentMetaCert" */;
			buildPhases = (
				74C196ED2A7DAC16005C08F3 /* Sources */,
				74C196EE2A7DAC16005C08F3 /* Frameworks */,
				74C196EF2A7DAC16005C08F3 /* Resources */,
			);
			buildRules = (
			);
			dependencies = (
			);
			name = IntroToMobileDevelopmentMetaCert;
			productName = IntroToMobileDevelopmentMetaCert;
			productReference = 74C196F12A7DAC16005C08F3 /* IntroToMobileDevelopmentMetaCert.app */;
			productType = "com.apple.product-type.application";
		};
/* End PBXNativeTarget section */

/* Begin PBXProject section */
		74C196E92A7DAC16005C08F3 /* Project object */ = {
			isa = PBXProject;
			attributes = {
				BuildIndependentTargetsInParallel = 1;
				LastSwiftUpdateCheck = 1430;
				LastUpgradeCheck = 1430;
				TargetAttributes = {
					74C196F02A7DAC16005C08F3 = {
						CreatedOnToolsVersion = 14.3.1;
					};
				};
			};
			buildConfigurationList = 74C196EC2A7DAC16005C08F3 /* Build configuration list for PBXProject "IntroToMobileDevelopmentMetaCert" */;
			compatibilityVersion = "Xcode 14.0";
			developmentRegion = en;
			hasScannedForEncodings = 0;
			knownRegions = (
				en,
				Base,
			);
			mainGroup = 74C196E82A7DAC16005C08F3;
			productRefGroup = 74C196F22A7DAC16005C08F3 /* Products */;
			projectDirPath = "";
			projectRoot = "";
			targets = (
				74C196F02A7DAC16005C08F3 /* IntroToMobileDevelopmentMetaCert */,
			);
		};
/* End PBXProject section */

/* Begin PBXResourcesBuildPhase section */
		74C196EF2A7DAC16005C08F3 /* Resources */ = {
			isa = PBXResourcesBuildPhase;
			buildActionMask = 2147483647;
			files = (
				74C196FC2A7DAC18005C08F3 /* Preview Assets.xcassets in Resources */,
				74C1970B2A830101005C08F3 /* video.mp4 in Resources */,
				74C196F92A7DAC18005C08F3 /* Assets.xcassets in Resources */,
			);
			runOnlyForDeploymentPostprocessing = 0;
		};
/* End PBXResourcesBuildPhase section */

/* Begin PBXSourcesBuildPhase section */
		74C196ED2A7DAC16005C08F3 /* Sources */ = {
			isa = PBXSourcesBuildPhase;
			buildActionMask = 2147483647;
			files = (
				74C197032A7E4226005C08F3 /* HelloWorldIntro.swift in Sources */,
				74C196F72A7DAC16005C08F3 /* ContentView.swift in Sources */,
				74C197072A82D605005C08F3 /* TestVideo.swift in Sources */,
				74C197052A7F956D005C08F3 /* MetaProjectRequirements.swift in Sources */,
				74C196F52A7DAC16005C08F3 /* IntroToMobileDevelopmentMetaCertApp.swift in Sources */,
			);
			runOnlyForDeploymentPostprocessing = 0;
		};
/* End PBXSourcesBuildPhase section */

/* Begin XCBuildConfiguration section */
		74C196FD2A7DAC18005C08F3 /* Debug */ = {
			isa = XCBuildConfiguration;
			buildSettings = {
				ALWAYS_SEARCH_USER_PATHS = NO;
				CLANG_ANALYZER_NONNULL = YES;
				CLANG_ANALYZER_NUMBER_OBJECT_CONVERSION = YES_AGGRESSIVE;
				CLANG_CXX_LANGUAGE_STANDARD = "gnu++20";
				CLANG_ENABLE_MODULES = YES;
				CLANG_ENABLE_OBJC_ARC = YES;
				CLANG_ENABLE_OBJC_WEAK = YES;
				CLANG_WARN_BLOCK_CAPTURE_AUTORELEASING = YES;
				CLANG_WARN_BOOL_CONVERSION = YES;
				CLANG_WARN_COMMA = YES;
				CLANG_WARN_CONSTANT_CONVERSION = YES;
				CLANG_WARN_DEPRECATED_OBJC_IMPLEMENTATIONS = YES;
				CLANG_WARN_DIRECT_OBJC_ISA_USAGE = YES_ERROR;
				CLANG_WARN_DOCUMENTATION_COMMENTS = YES;
				CLANG_WARN_EMPTY_BODY = YES;
				CLANG_WARN_ENUM_CONVERSION = YES;
				CLANG_WARN_INFINITE_RECURSION = YES;
				CLANG_WARN_INT_CONVERSION = YES;
				CLANG_WARN_NON_LITERAL_NULL_CONVERSION = YES;
				CLANG_WARN_OBJC_IMPLICIT_RETAIN_SELF = YES;
				CLANG_WARN_OBJC_LITERAL_CONVERSION = YES;
				CLANG_WARN_OBJC_ROOT_CLASS = YES_ERROR;
				CLANG_WARN_QUOTED_INCLUDE_IN_FRAMEWORK_HEADER = YES;
				CLANG_WARN_RANGE_LOOP_ANALYSIS = YES;
				CLANG_WARN_STRICT_PROTOTYPES = YES;
				CLANG_WARN_SUSPICIOUS_MOVE = YES;
				CLANG_WARN_UNGUARDED_AVAILABILITY = YES_AGGRESSIVE;
				CLANG_WARN_UNREACHABLE_CODE = YES;
				CLANG_WARN__DUPLICATE_METHOD_MATCH = YES;
				COPY_PHASE_STRIP = NO;
				DEBUG_INFORMATION_FORMAT = dwarf;
				ENABLE_STRICT_OBJC_MSGSEND = YES;
				ENABLE_TESTABILITY = YES;
				GCC_C_LANGUAGE_STANDARD = gnu11;
				GCC_DYNAMIC_NO_PIC = NO;
				GCC_NO_COMMON_BLOCKS = YES;
				GCC_OPTIMIZATION_LEVEL = 0;
				GCC_PREPROCESSOR_DEFINITIONS = (
					"DEBUG=1",
					"$(inherited)",
				);
				GCC_WARN_64_TO_32_BIT_CONVERSION = YES;
				GCC_WARN_ABOUT_RETURN_TYPE = YES_ERROR;
				GCC_WARN_UNDECLARED_SELECTOR = YES;
				GCC_WARN_UNINITIALIZED_AUTOS = YES_AGGRESSIVE;
				GCC_WARN_UNUSED_FUNCTION = YES;
				GCC_WARN_UNUSED_VARIABLE = YES;
				IPHONEOS_DEPLOYMENT_TARGET = 16.4;
				MTL_ENABLE_DEBUG_INFO = INCLUDE_SOURCE;
				MTL_FAST_MATH = YES;
				ONLY_ACTIVE_ARCH = YES;
				SDKROOT = iphoneos;
				SWIFT_ACTIVE_COMPILATION_CONDITIONS = DEBUG;
				SWIFT_OPTIMIZATION_LEVEL = "-Onone";
			};
			name = Debug;
		};
		74C196FE2A7DAC18005C08F3 /* Release */ = {
			isa = XCBuildConfiguration;
			buildSettings = {
				ALWAYS_SEARCH_USER_PATHS = NO;
				CLANG_ANALYZER_NONNULL = YES;
				CLANG_ANALYZER_NUMBER_OBJECT_CONVERSION = YES_AGGRESSIVE;
				CLANG_CXX_LANGUAGE_STANDARD = "gnu++20";
				CLANG_ENABLE_MODULES = YES;
				CLANG_ENABLE_OBJC_ARC = YES;
				CLANG_ENABLE_OBJC_WEAK = YES;
				CLANG_WARN_BLOCK_CAPTURE_AUTORELEASING = YES;
				CLANG_WARN_BOOL_CONVERSION = YES;
				CLANG_WARN_COMMA = YES;
				CLANG_WARN_CONSTANT_CONVERSION = YES;
				CLANG_WARN_DEPRECATED_OBJC_IMPLEMENTATIONS = YES;
				CLANG_WARN_DIRECT_OBJC_ISA_USAGE = YES_ERROR;
				CLANG_WARN_DOCUMENTATION_COMMENTS = YES;
				CLANG_WARN_EMPTY_BODY = YES;
				CLANG_WARN_ENUM_CONVERSION = YES;
				CLANG_WARN_INFINITE_RECURSION = YES;
				CLANG_WARN_INT_CONVERSION = YES;
				CLANG_WARN_NON_LITERAL_NULL_CONVERSION = YES;
				CLANG_WARN_OBJC_IMPLICIT_RETAIN_SELF = YES;
				CLANG_WARN_OBJC_LITERAL_CONVERSION = YES;
				CLANG_WARN_OBJC_ROOT_CLASS = YES_ERROR;
				CLANG_WARN_QUOTED_INCLUDE_IN_FRAMEWORK_HEADER = YES;
				CLANG_WARN_RANGE_LOOP_ANALYSIS = YES;
				CLANG_WARN_STRICT_PROTOTYPES = YES;
				CLANG_WARN_SUSPICIOUS_MOVE = YES;
				CLANG_WARN_UNGUARDED_AVAILABILITY = YES_AGGRESSIVE;
				CLANG_WARN_UNREACHABLE_CODE = YES;
				CLANG_WARN__DUPLICATE_METHOD_MATCH = YES;
				COPY_PHASE_STRIP = NO;
				DEBUG_INFORMATION_FORMAT = "dwarf-with-dsym";
				ENABLE_NS_ASSERTIONS = NO;
				ENABLE_STRICT_OBJC_MSGSEND = YES;
				GCC_C_LANGUAGE_STANDARD = gnu11;
				GCC_NO_COMMON_BLOCKS = YES;
				GCC_WARN_64_TO_32_BIT_CONVERSION = YES;
				GCC_WARN_ABOUT_RETURN_TYPE = YES_ERROR;
				GCC_WARN_UNDECLARED_SELECTOR = YES;
				GCC_WARN_UNINITIALIZED_AUTOS = YES_AGGRESSIVE;
				GCC_WARN_UNUSED_FUNCTION = YES;
				GCC_WARN_UNUSED_VARIABLE = YES;
				IPHONEOS_DEPLOYMENT_TARGET = 16.4;
				MTL_ENABLE_DEBUG_INFO = NO;
				MTL_FAST_MATH = YES;
				SDKROOT = iphoneos;
				SWIFT_COMPILATION_MODE = wholemodule;
				SWIFT_OPTIMIZATION_LEVEL = "-O";
				VALIDATE_PRODUCT = YES;
			};
			name = Release;
		};
		74C197002A7DAC18005C08F3 /* Debug */ = {
			isa = XCBuildConfiguration;
			buildSettings = {
				ASSETCATALOG_COMPILER_APPICON_NAME = AppIcon;
				ASSETCATALOG_COMPILER_GLOBAL_ACCENT_COLOR_NAME = AccentColor;
				CODE_SIGN_STYLE = Automatic;
				CURRENT_PROJECT_VERSION = 1;
				DEVELOPMENT_ASSET_PATHS = "\"IntroToMobileDevelopmentMetaCert/Preview Content\"";
				DEVELOPMENT_TEAM = 4A45YWS7LC;
				ENABLE_PREVIEWS = YES;
				GENERATE_INFOPLIST_FILE = YES;
				INFOPLIST_FILE = IntroToMobileDevelopmentMetaCert/Info.plist;
				INFOPLIST_KEY_UIApplicationSceneManifest_Generation = YES;
				INFOPLIST_KEY_UIApplicationSupportsIndirectInputEvents = YES;
				INFOPLIST_KEY_UILaunchScreen_Generation = YES;
				INFOPLIST_KEY_UISupportedInterfaceOrientations_iPad = "UIInterfaceOrientationPortrait UIInterfaceOrientationPortraitUpsideDown UIInterfaceOrientationLandscapeLeft UIInterfaceOrientationLandscapeRight";
				INFOPLIST_KEY_UISupportedInterfaceOrientations_iPhone = "UIInterfaceOrientationPortrait UIInterfaceOrientationLandscapeLeft UIInterfaceOrientationLandscapeRight";
				LD_RUNPATH_SEARCH_PATHS = (
					"$(inherited)",
					"@executable_path/Frameworks",
				);
				MARKETING_VERSION = 1.0;
				PRODUCT_BUNDLE_IDENTIFIER = com.IntroToMobileDevelopmentMetaCert;
				PRODUCT_NAME = "$(TARGET_NAME)";
				SWIFT_EMIT_LOC_STRINGS = YES;
				SWIFT_VERSION = 5.0;
				TARGETED_DEVICE_FAMILY = "1,2";
			};
			name = Debug;
		};
		74C197012A7DAC18005C08F3 /* Release */ = {
			isa = XCBuildConfiguration;
			buildSettings = {
				ASSETCATALOG_COMPILER_APPICON_NAME = AppIcon;
				ASSETCATALOG_COMPILER_GLOBAL_ACCENT_COLOR_NAME = AccentColor;
				CODE_SIGN_STYLE = Automatic;
				CURRENT_PROJECT_VERSION = 1;
				DEVELOPMENT_ASSET_PATHS = "\"IntroToMobileDevelopmentMetaCert/Preview Content\"";
				DEVELOPMENT_TEAM = 4A45YWS7LC;
				ENABLE_PREVIEWS = YES;
				GENERATE_INFOPLIST_FILE = YES;
				INFOPLIST_FILE = IntroToMobileDevelopmentMetaCert/Info.plist;
				INFOPLIST_KEY_UIApplicationSceneManifest_Generation = YES;
				INFOPLIST_KEY_UIApplicationSupportsIndirectInputEvents = YES;
				INFOPLIST_KEY_UILaunchScreen_Generation = YES;
				INFOPLIST_KEY_UISupportedInterfaceOrientations_iPad = "UIInterfaceOrientationPortrait UIInterfaceOrientationPortraitUpsideDown UIInterfaceOrientationLandscapeLeft UIInterfaceOrientationLandscapeRight";
				INFOPLIST_KEY_UISupportedInterfaceOrientations_iPhone = "UIInterfaceOrientationPortrait UIInterfaceOrientationLandscapeLeft UIInterfaceOrientationLandscapeRight";
				LD_RUNPATH_SEARCH_PATHS = (
					"$(inherited)",
					"@executable_path/Frameworks",
				);
				MARKETING_VERSION = 1.0;
				PRODUCT_BUNDLE_IDENTIFIER = com.IntroToMobileDevelopmentMetaCert;
				PRODUCT_NAME = "$(TARGET_NAME)";
				SWIFT_EMIT_LOC_STRINGS = YES;
				SWIFT_VERSION = 5.0;
				TARGETED_DEVICE_FAMILY = "1,2";
			};
			name = Release;
		};
/* End XCBuildConfiguration section */

/* Begin XCConfigurationList section */
		74C196EC2A7DAC16005C08F3 /* Build configuration list for PBXProject "IntroToMobileDevelopmentMetaCert" */ = {
			isa = XCConfigurationList;
			buildConfigurations = (
				74C196FD2A7DAC18005C08F3 /* Debug */,
				74C196FE2A7DAC18005C08F3 /* Release */,
			);
			defaultConfigurationIsVisible = 0;
			defaultConfigurationName = Release;
		};
		74C196FF2A7DAC18005C08F3 /* Build configuration list for PBXNativeTarget "IntroToMobileDevelopmentMetaCert" */ = {
			isa = XCConfigurationList;
			buildConfigurations = (
				74C197002A7DAC18005C08F3 /* Debug */,
				74C197012A7DAC18005C08F3 /* Release */,
			);
			defaultConfigurationIsVisible = 0;
			defaultConfigurationName = Release;
		};
/* End XCConfigurationList section */
	};
	rootObject = 74C196E92A7DAC16005C08F3 /* Project object */;
}
